// !$*UTF8*$!
{
	archiveVersion = 1;
	classes = {};
	objectVersion = 77;
	objects = {
		A1 = {isa = PBXProject; attributes = {BuildIndependentTargetsInParallel = 1; LastSwiftUpdateCheck = 1600; LastUpgradeCheck = 1600; TargetAttributes = {B1 = {CreatedOnToolsVersion = 16.0;}; B2 = {CreatedOnToolsVersion = 16.0; TestTargetID = B1;}; B3 = {CreatedOnToolsVersion = 16.0; TestTargetID = B1;};};}; buildConfigurationList = C1; developmentRegion = en; hasScannedForEncodings = 0; knownRegions = (en, Base); mainGroup = G1; minimizedProjectReferenceProxies = 1; preferredProjectObjectVersion = 77; productRefGroup = G5; projectDirPath = ""; projectRoot = ""; targets = (B1, B2, B3);};
		G1 = {isa = PBXGroup; children = (G2, G3, G4, G5); sourceTree = "<group>";};
		G2 = {isa = PBXFileSystemSynchronizedRootGroup; path = DiveID; sourceTree = "<group>";};
		G3 = {isa = PBXFileSystemSynchronizedRootGroup; path = DiveIDTests; sourceTree = "<group>";};
		G4 = {isa = PBXFileSystemSynchronizedRootGroup; path = DiveIDUITests; sourceTree = "<group>";};
		G5 = {isa = PBXGroup; children = (P1, P2, P3); name = Products; sourceTree = "<group>";};
		P1 = {isa = PBXFileReference; explicitFileType = wrapper.application; includeInIndex = 0; path = DiveID.app; sourceTree = BUILT_PRODUCTS_DIR;}; P2 = {isa = PBXFileReference; explicitFileType = wrapper.cfbundle; includeInIndex = 0; path = DiveIDTests.xctest; sourceTree = BUILT_PRODUCTS_DIR;}; P3 = {isa = PBXFileReference; explicitFileType = wrapper.cfbundle; includeInIndex = 0; path = DiveIDUITests.xctest; sourceTree = BUILT_PRODUCTS_DIR;};
		B1 = {isa = PBXNativeTarget; buildConfigurationList = C2; buildPhases = (S1, F1, R1); buildRules = (); dependencies = (); fileSystemSynchronizedGroups = (G2); name = DiveID; packageProductDependencies = (); productName = DiveID; productReference = P1; productType = "com.apple.product-type.application";};
		B2 = {isa = PBXNativeTarget; buildConfigurationList = C3; buildPhases = (S2, F2, R2); buildRules = (); dependencies = (D2); fileSystemSynchronizedGroups = (G3); name = DiveIDTests; productName = DiveIDTests; productReference = P2; productType = "com.apple.product-type.bundle.unit-test";};
		B3 = {isa = PBXNativeTarget; buildConfigurationList = C4; buildPhases = (S3, F3, R3); buildRules = (); dependencies = (D3); fileSystemSynchronizedGroups = (G4); name = DiveIDUITests; productName = DiveIDUITests; productReference = P3; productType = "com.apple.product-type.bundle.ui-testing";};
		S1 = {isa = PBXSourcesBuildPhase; buildActionMask = 2147483647; files = (); runOnlyForDeploymentPostprocessing = 0;}; F1 = {isa = PBXFrameworksBuildPhase; buildActionMask = 2147483647; files = (); runOnlyForDeploymentPostprocessing = 0;}; R1 = {isa = PBXResourcesBuildPhase; buildActionMask = 2147483647; files = (); runOnlyForDeploymentPostprocessing = 0;};
		S2 = {isa = PBXSourcesBuildPhase; buildActionMask = 2147483647; files = (); runOnlyForDeploymentPostprocessing = 0;}; F2 = {isa = PBXFrameworksBuildPhase; buildActionMask = 2147483647; files = (); runOnlyForDeploymentPostprocessing = 0;}; R2 = {isa = PBXResourcesBuildPhase; buildActionMask = 2147483647; files = (); runOnlyForDeploymentPostprocessing = 0;};
		S3 = {isa = PBXSourcesBuildPhase; buildActionMask = 2147483647; files = (); runOnlyForDeploymentPostprocessing = 0;}; F3 = {isa = PBXFrameworksBuildPhase; buildActionMask = 2147483647; files = (); runOnlyForDeploymentPostprocessing = 0;}; R3 = {isa = PBXResourcesBuildPhase; buildActionMask = 2147483647; files = (); runOnlyForDeploymentPostprocessing = 0;};
		D2 = {isa = PBXTargetDependency; target = B1; targetProxy = X2;}; X2 = {isa = PBXContainerItemProxy; containerPortal = A1; proxyType = 1; remoteGlobalIDString = B1; remoteInfo = DiveID;}; D3 = {isa = PBXTargetDependency; target = B1; targetProxy = X3;}; X3 = {isa = PBXContainerItemProxy; containerPortal = A1; proxyType = 1; remoteGlobalIDString = B1; remoteInfo = DiveID;};
		C1 = {isa = XCConfigurationList; buildConfigurations = (Q1, Q2); defaultConfigurationIsVisible = 0; defaultConfigurationName = Release;}; C2 = {isa = XCConfigurationList; buildConfigurations = (Q3, Q4); defaultConfigurationIsVisible = 0; defaultConfigurationName = Release;}; C3 = {isa = XCConfigurationList; buildConfigurations = (Q5, Q6); defaultConfigurationIsVisible = 0; defaultConfigurationName = Release;}; C4 = {isa = XCConfigurationList; buildConfigurations = (Q7, Q8); defaultConfigurationIsVisible = 0; defaultConfigurationName = Release;};
		Q1 = {isa = XCBuildConfiguration; buildSettings = {SWIFT_VERSION = 6.0;}; name = Debug;}; Q2 = {isa = XCBuildConfiguration; buildSettings = {SWIFT_VERSION = 6.0;}; name = Release;};
		Q3 = {isa = XCBuildConfiguration; buildSettings = {ASSETCATALOG_COMPILER_APPICON_NAME = AppIcon; CODE_SIGN_STYLE = Automatic; CURRENT_PROJECT_VERSION = 1; GENERATE_INFOPLIST_FILE = YES; INFOPLIST_KEY_CFBundleDisplayName = "Dive ID"; IPHONEOS_DEPLOYMENT_TARGET = 18.0; MARKETING_VERSION = 0.1; PRODUCT_BUNDLE_IDENTIFIER = com.example.DiveID; PRODUCT_NAME = "$(TARGET_NAME)"; SDKROOT = iphoneos; SUPPORTED_PLATFORMS = "iphoneos iphonesimulator"; SWIFT_EMIT_LOC_STRINGS = YES; SWIFT_VERSION = 6.0; TARGETED_DEVICE_FAMILY = "1,2";}; name = Debug;};
		Q4 = {isa = XCBuildConfiguration; buildSettings = {ASSETCATALOG_COMPILER_APPICON_NAME = AppIcon; CODE_SIGN_STYLE = Automatic; CURRENT_PROJECT_VERSION = 1; GENERATE_INFOPLIST_FILE = YES; INFOPLIST_KEY_CFBundleDisplayName = "Dive ID"; IPHONEOS_DEPLOYMENT_TARGET = 18.0; MARKETING_VERSION = 0.1; PRODUCT_BUNDLE_IDENTIFIER = com.example.DiveID; PRODUCT_NAME = "$(TARGET_NAME)"; SDKROOT = iphoneos; SUPPORTED_PLATFORMS = "iphoneos iphonesimulator"; SWIFT_VERSION = 6.0; TARGETED_DEVICE_FAMILY = "1,2";}; name = Release;};
		Q5 = {isa = XCBuildConfiguration; buildSettings = {BUNDLE_LOADER = "$(TEST_HOST)"; GENERATE_INFOPLIST_FILE = YES; IPHONEOS_DEPLOYMENT_TARGET = 18.0; PRODUCT_BUNDLE_IDENTIFIER = com.example.DiveIDTests; SDKROOT = iphoneos; SWIFT_VERSION = 6.0; TEST_HOST = "$(BUILT_PRODUCTS_DIR)/DiveID.app/$(BUNDLE_EXECUTABLE_FOLDER_PATH)/DiveID";}; name = Debug;}; Q6 = {isa = XCBuildConfiguration; buildSettings = {BUNDLE_LOADER = "$(TEST_HOST)"; GENERATE_INFOPLIST_FILE = YES; IPHONEOS_DEPLOYMENT_TARGET = 18.0; PRODUCT_BUNDLE_IDENTIFIER = com.example.DiveIDTests; SDKROOT = iphoneos; SWIFT_VERSION = 6.0; TEST_HOST = "$(BUILT_PRODUCTS_DIR)/DiveID.app/$(BUNDLE_EXECUTABLE_FOLDER_PATH)/DiveID";}; name = Release;};
		Q7 = {isa = XCBuildConfiguration; buildSettings = {GENERATE_INFOPLIST_FILE = YES; IPHONEOS_DEPLOYMENT_TARGET = 18.0; PRODUCT_BUNDLE_IDENTIFIER = com.example.DiveIDUITests; SDKROOT = iphoneos; SWIFT_VERSION = 6.0; TEST_TARGET_NAME = DiveID;}; name = Debug;}; Q8 = {isa = XCBuildConfiguration; buildSettings = {GENERATE_INFOPLIST_FILE = YES; IPHONEOS_DEPLOYMENT_TARGET = 18.0; PRODUCT_BUNDLE_IDENTIFIER = com.example.DiveIDUITests; SDKROOT = iphoneos; SWIFT_VERSION = 6.0; TEST_TARGET_NAME = DiveID;}; name = Release;};
	}; rootObject = A1;
}
